
Microsoft Visual Studio Solution File, Format Version 12.00
# Visual Studio Version 17
VisualStudioVersion = 17.13.35825.156 d17.13
MinimumVisualStudioVersion = 10.0.40219.1
Project("{FAE04EC0-301F-11D3-BF4B-00C04F79EFBC}") = "BlobCopy", "BlobCopy\BlobCopy.csproj", "{9BC86943-0608-48BF-81C0-7BB064FF5E7D}"
EndProject
Global
	GlobalSection(SolutionConfigurationPlatforms) = preSolution
		Debug|Any CPU = Debug|Any CPU
		Release|Any CPU = Release|Any CPU
	EndGlobalSection
	GlobalSection(ProjectConfigurationPlatforms) = postSolution
		{9BC86943-0608-48BF-81C0-7BB064FF5E7D}.Debug|Any CPU.ActiveCfg = Debug|Any CPU
		{9BC86943-0608-48BF-81C0-7BB064FF5E7D}.Debug|Any CPU.Build.0 = Debug|Any CPU
		{9BC86943-0608-48BF-81C0-7BB064FF5E7D}.Release|Any CPU.ActiveCfg = Release|Any CPU
		{9BC86943-0608-48BF-81C0-7BB064FF5E7D}.Release|Any CPU.Build.0 = Release|Any CPU
	EndGlobalSection
	GlobalSection(SolutionProperties) = preSolution
		HideSolutionNode = FALSE
	EndGlobalSection
	GlobalSection(ExtensibilityGlobals) = postSolution
		SolutionGuid = {C1EDB54C-EBE7-4221-893A-09AD923375B7}
	EndGlobalSection
EndGlobal
